
Microsoft Visual Studio Solution File, Format Version 12.00
# Visual Studio Version 17
VisualStudioVersion = 17.0.32014.148
MinimumVisualStudioVersion = 10.0.40219.1
Project("{9A19103F-16F7-4668-BE54-9A1E7A4F7556}") = "web1", "web1\web1.csproj", "{DDE9B608-BE63-4E74-94CD-4C579C84C344}"
EndProject
Global
	GlobalSection(SolutionConfigurationPlatforms) = preSolution
		Debug|Any CPU = Debug|Any CPU
		Release|Any CPU = Release|Any CPU
	EndGlobalSection
	GlobalSection(ProjectConfigurationPlatforms) = postSolution
		{DDE9B608-BE63-4E74-94CD-4C579C84C344}.Debug|Any CPU.ActiveCfg = Debug|Any CPU
		{DDE9B608-BE63-4E74-94CD-4C579C84C344}.Debug|Any CPU.Build.0 = Debug|Any CPU
		{DDE9B608-BE63-4E74-94CD-4C579C84C344}.Release|Any CPU.ActiveCfg = Release|Any CPU
		{DDE9B608-BE63-4E74-94CD-4C579C84C344}.Release|Any CPU.Build.0 = Release|Any CPU
	EndGlobalSection
	GlobalSection(SolutionProperties) = preSolution
		HideSolutionNode = FALSE
	EndGlobalSection
	GlobalSection(ExtensibilityGlobals) = postSolution
		SolutionGuid = {CEB96ECD-A9A8-45D8-AC20-D61839D12E92}
	EndGlobalSection
EndGlobal
